// !$*UTF8*$!
{
	archiveVersion = 1;
	classes = {
	};
	objectVersion = 48;
	objects = {

/* Begin PBXBuildFile section */
		0263D69D25A2D88D8953D4DB /* Pods_bloommapTests.framework in Frameworks */ = {isa = PBXBuildFile; fileRef = 6ADEDB354720814CA682BB49 /* Pods_bloommapTests.framework */; };
		456429DA206C950A00457B5B /* Config.swift in Sources */ = {isa = PBXBuildFile; fileRef = 456429D9206C950A00457B5B /* Config.swift */; };
		EAA6AB3224FD5FC7FF508E7F /* Pods_bloommap.framework in Frameworks */ = {isa = PBXBuildFile; fileRef = D75DC2C282794C42E53A8431 /* Pods_bloommap.framework */; };
		F3EF48CB206602CD002381D0 /* AppDelegate.swift in Sources */ = {isa = PBXBuildFile; fileRef = F3EF48CA206602CD002381D0 /* AppDelegate.swift */; };
		F3EF48CD206602CD002381D0 /* ViewController.swift in Sources */ = {isa = PBXBuildFile; fileRef = F3EF48CC206602CD002381D0 /* ViewController.swift */; };
		F3EF48D0206602CD002381D0 /* Main.storyboard in Resources */ = {isa = PBXBuildFile; fileRef = F3EF48CE206602CD002381D0 /* Main.storyboard */; };
		F3EF48D2206602CD002381D0 /* Assets.xcassets in Resources */ = {isa = PBXBuildFile; fileRef = F3EF48D1206602CD002381D0 /* Assets.xcassets */; };
		F3EF48D5206602CD002381D0 /* LaunchScreen.storyboard in Resources */ = {isa = PBXBuildFile; fileRef = F3EF48D3206602CD002381D0 /* LaunchScreen.storyboard */; };
		F3EF48E0206602CD002381D0 /* bloommapTests.swift in Sources */ = {isa = PBXBuildFile; fileRef = F3EF48DF206602CD002381D0 /* bloommapTests.swift */; };
		F3EF48EB206602CE002381D0 /* bloommapUITests.swift in Sources */ = {isa = PBXBuildFile; fileRef = F3EF48EA206602CE002381D0 /* bloommapUITests.swift */; };
		F3EF48FA2066031E002381D0 /* MapKit.framework in Frameworks */ = {isa = PBXBuildFile; fileRef = F3EF48F92066031E002381D0 /* MapKit.framework */; };
		F3EF48FC20660B1D002381D0 /* Spot.swift in Sources */ = {isa = PBXBuildFile; fileRef = F3EF48FB20660B1D002381D0 /* Spot.swift */; };
		F3EF48FE20660C69002381D0 /* Contacts.framework in Frameworks */ = {isa = PBXBuildFile; fileRef = F3EF48FD20660C69002381D0 /* Contacts.framework */; };
		F3EF490020660DC2002381D0 /* BloomSpot.json in Resources */ = {isa = PBXBuildFile; fileRef = F3EF48FF20660DC2002381D0 /* BloomSpot.json */; };
		F3EF4904206610C6002381D0 /* SpotViews.swift in Sources */ = {isa = PBXBuildFile; fileRef = F3EF4903206610C6002381D0 /* SpotViews.swift */; };
		F3EF490620661697002381D0 /* PhotosViewController.swift in Sources */ = {isa = PBXBuildFile; fileRef = F3EF490520661697002381D0 /* PhotosViewController.swift */; };
		F64C6B37D38034B516F248C2 /* Pods_bloommapUITests.framework in Frameworks */ = {isa = PBXBuildFile; fileRef = 2A62A71B743C4AE3F6A84B7C /* Pods_bloommapUITests.framework */; };
/* End PBXBuildFile section */

/* Begin PBXContainerItemProxy section */
		F3EF48DC206602CD002381D0 /* PBXContainerItemProxy */ = {
			isa = PBXContainerItemProxy;
			containerPortal = F3EF48BF206602CD002381D0 /* Project object */;
			proxyType = 1;
			remoteGlobalIDString = F3EF48C6206602CD002381D0;
			remoteInfo = bloommap;
		};
		F3EF48E7206602CE002381D0 /* PBXContainerItemProxy */ = {
			isa = PBXContainerItemProxy;
			containerPortal = F3EF48BF206602CD002381D0 /* Project object */;
			proxyType = 1;
			remoteGlobalIDString = F3EF48C6206602CD002381D0;
			remoteInfo = bloommap;
		};
/* End PBXContainerItemProxy section */

/* Begin PBXFileReference section */
		13E748FB3241F4A05CA7AC81 /* Pods-bloommap.debug.xcconfig */ = {isa = PBXFileReference; includeInIndex = 1; lastKnownFileType = text.xcconfig; name = "Pods-bloommap.debug.xcconfig"; path = "Pods/Target Support Files/Pods-bloommap/Pods-bloommap.debug.xcconfig"; sourceTree = "<group>"; };
		2A62A71B743C4AE3F6A84B7C /* Pods_bloommapUITests.framework */ = {isa = PBXFileReference; explicitFileType = wrapper.framework; includeInIndex = 0; path = Pods_bloommapUITests.framework; sourceTree = BUILT_PRODUCTS_DIR; };
		456429D9206C950A00457B5B /* Config.swift */ = {isa = PBXFileReference; lastKnownFileType = sourcecode.swift; path = Config.swift; sourceTree = "<group>"; };
		6ADEDB354720814CA682BB49 /* Pods_bloommapTests.framework */ = {isa = PBXFileReference; explicitFileType = wrapper.framework; includeInIndex = 0; path = Pods_bloommapTests.framework; sourceTree = BUILT_PRODUCTS_DIR; };
		93886160F303D85169E04931 /* Pods-bloommapUITests.release.xcconfig */ = {isa = PBXFileReference; includeInIndex = 1; lastKnownFileType = text.xcconfig; name = "Pods-bloommapUITests.release.xcconfig"; path = "Pods/Target Support Files/Pods-bloommapUITests/Pods-bloommapUITests.release.xcconfig"; sourceTree = "<group>"; };
		BE2321E64D5FFA24729521B9 /* Pods-bloommapTests.release.xcconfig */ = {isa = PBXFileReference; includeInIndex = 1; lastKnownFileType = text.xcconfig; name = "Pods-bloommapTests.release.xcconfig"; path = "Pods/Target Support Files/Pods-bloommapTests/Pods-bloommapTests.release.xcconfig"; sourceTree = "<group>"; };
		C38E1FE00CD3A194EA6DDA4D /* Pods-bloommapTests.debug.xcconfig */ = {isa = PBXFileReference; includeInIndex = 1; lastKnownFileType = text.xcconfig; name = "Pods-bloommapTests.debug.xcconfig"; path = "Pods/Target Support Files/Pods-bloommapTests/Pods-bloommapTests.debug.xcconfig"; sourceTree = "<group>"; };
		C5CA811E58B029CC04A206A3 /* Pods-bloommap.release.xcconfig */ = {isa = PBXFileReference; includeInIndex = 1; lastKnownFileType = text.xcconfig; name = "Pods-bloommap.release.xcconfig"; path = "Pods/Target Support Files/Pods-bloommap/Pods-bloommap.release.xcconfig"; sourceTree = "<group>"; };
		CC08E032A36F1745886F7351 /* Pods-bloommapUITests.debug.xcconfig */ = {isa = PBXFileReference; includeInIndex = 1; lastKnownFileType = text.xcconfig; name = "Pods-bloommapUITests.debug.xcconfig"; path = "Pods/Target Support Files/Pods-bloommapUITests/Pods-bloommapUITests.debug.xcconfig"; sourceTree = "<group>"; };
		D75DC2C282794C42E53A8431 /* Pods_bloommap.framework */ = {isa = PBXFileReference; explicitFileType = wrapper.framework; includeInIndex = 0; path = Pods_bloommap.framework; sourceTree = BUILT_PRODUCTS_DIR; };
		F3EF48C7206602CD002381D0 /* bloommap.app */ = {isa = PBXFileReference; explicitFileType = wrapper.application; includeInIndex = 0; path = bloommap.app; sourceTree = BUILT_PRODUCTS_DIR; };
		F3EF48CA206602CD002381D0 /* AppDelegate.swift */ = {isa = PBXFileReference; lastKnownFileType = sourcecode.swift; path = AppDelegate.swift; sourceTree = "<group>"; };
		F3EF48CC206602CD002381D0 /* ViewController.swift */ = {isa = PBXFileReference; lastKnownFileType = sourcecode.swift; path = ViewController.swift; sourceTree = "<group>"; };
		F3EF48CF206602CD002381D0 /* Base */ = {isa = PBXFileReference; lastKnownFileType = file.storyboard; name = Base; path = Base.lproj/Main.storyboard; sourceTree = "<group>"; };
		F3EF48D1206602CD002381D0 /* Assets.xcassets */ = {isa = PBXFileReference; lastKnownFileType = folder.assetcatalog; path = Assets.xcassets; sourceTree = "<group>"; };
		F3EF48D4206602CD002381D0 /* Base */ = {isa = PBXFileReference; lastKnownFileType = file.storyboard; name = Base; path = Base.lproj/LaunchScreen.storyboard; sourceTree = "<group>"; };
		F3EF48D6206602CD002381D0 /* Info.plist */ = {isa = PBXFileReference; lastKnownFileType = text.plist.xml; path = Info.plist; sourceTree = "<group>"; };
		F3EF48DB206602CD002381D0 /* bloommapTests.xctest */ = {isa = PBXFileReference; explicitFileType = wrapper.cfbundle; includeInIndex = 0; path = bloommapTests.xctest; sourceTree = BUILT_PRODUCTS_DIR; };
		F3EF48DF206602CD002381D0 /* bloommapTests.swift */ = {isa = PBXFileReference; lastKnownFileType = sourcecode.swift; path = bloommapTests.swift; sourceTree = "<group>"; };
		F3EF48E1206602CE002381D0 /* Info.plist */ = {isa = PBXFileReference; lastKnownFileType = text.plist.xml; path = Info.plist; sourceTree = "<group>"; };
		F3EF48E6206602CE002381D0 /* bloommapUITests.xctest */ = {isa = PBXFileReference; explicitFileType = wrapper.cfbundle; includeInIndex = 0; path = bloommapUITests.xctest; sourceTree = BUILT_PRODUCTS_DIR; };
		F3EF48EA206602CE002381D0 /* bloommapUITests.swift */ = {isa = PBXFileReference; lastKnownFileType = sourcecode.swift; path = bloommapUITests.swift; sourceTree = "<group>"; };
		F3EF48EC206602CE002381D0 /* Info.plist */ = {isa = PBXFileReference; lastKnownFileType = text.plist.xml; path = Info.plist; sourceTree = "<group>"; };
		F3EF48F92066031E002381D0 /* MapKit.framework */ = {isa = PBXFileReference; lastKnownFileType = wrapper.framework; name = MapKit.framework; path = System/Library/Frameworks/MapKit.framework; sourceTree = SDKROOT; };
		F3EF48FB20660B1D002381D0 /* Spot.swift */ = {isa = PBXFileReference; lastKnownFileType = sourcecode.swift; path = Spot.swift; sourceTree = "<group>"; };
		F3EF48FD20660C69002381D0 /* Contacts.framework */ = {isa = PBXFileReference; lastKnownFileType = wrapper.framework; name = Contacts.framework; path = System/Library/Frameworks/Contacts.framework; sourceTree = SDKROOT; };
		F3EF48FF20660DC2002381D0 /* BloomSpot.json */ = {isa = PBXFileReference; lastKnownFileType = text.json; path = BloomSpot.json; sourceTree = "<group>"; };
		F3EF4903206610C6002381D0 /* SpotViews.swift */ = {isa = PBXFileReference; lastKnownFileType = sourcecode.swift; path = SpotViews.swift; sourceTree = "<group>"; };
		F3EF490520661697002381D0 /* PhotosViewController.swift */ = {isa = PBXFileReference; lastKnownFileType = sourcecode.swift; path = PhotosViewController.swift; sourceTree = "<group>"; };
/* End PBXFileReference section */

/* Begin PBXFrameworksBuildPhase section */
		F3EF48C4206602CD002381D0 /* Frameworks */ = {
			isa = PBXFrameworksBuildPhase;
			buildActionMask = 2147483647;
			files = (
				F3EF48FE20660C69002381D0 /* Contacts.framework in Frameworks */,
				F3EF48FA2066031E002381D0 /* MapKit.framework in Frameworks */,
				EAA6AB3224FD5FC7FF508E7F /* Pods_bloommap.framework in Frameworks */,
			);
			runOnlyForDeploymentPostprocessing = 0;
		};
		F3EF48D8206602CD002381D0 /* Frameworks */ = {
			isa = PBXFrameworksBuildPhase;
			buildActionMask = 2147483647;
			files = (
				0263D69D25A2D88D8953D4DB /* Pods_bloommapTests.framework in Frameworks */,
			);
			runOnlyForDeploymentPostprocessing = 0;
		};
		F3EF48E3206602CE002381D0 /* Frameworks */ = {
			isa = PBXFrameworksBuildPhase;
			buildActionMask = 2147483647;
			files = (
				F64C6B37D38034B516F248C2 /* Pods_bloommapUITests.framework in Frameworks */,
			);
			runOnlyForDeploymentPostprocessing = 0;
		};
/* End PBXFrameworksBuildPhase section */

/* Begin PBXGroup section */
		5D5522AB51CE1DE9CF41962E /* Pods */ = {
			isa = PBXGroup;
			children = (
				13E748FB3241F4A05CA7AC81 /* Pods-bloommap.debug.xcconfig */,
				C5CA811E58B029CC04A206A3 /* Pods-bloommap.release.xcconfig */,
				C38E1FE00CD3A194EA6DDA4D /* Pods-bloommapTests.debug.xcconfig */,
				BE2321E64D5FFA24729521B9 /* Pods-bloommapTests.release.xcconfig */,
				CC08E032A36F1745886F7351 /* Pods-bloommapUITests.debug.xcconfig */,
				93886160F303D85169E04931 /* Pods-bloommapUITests.release.xcconfig */,
			);
			name = Pods;
			sourceTree = "<group>";
		};
		F3EF48BE206602CD002381D0 = {
			isa = PBXGroup;
			children = (
				F3EF48C9206602CD002381D0 /* bloommap */,
				F3EF48DE206602CD002381D0 /* bloommapTests */,
				F3EF48E9206602CE002381D0 /* bloommapUITests */,
				F3EF48C8206602CD002381D0 /* Products */,
				F3EF48F82066031E002381D0 /* Frameworks */,
				5D5522AB51CE1DE9CF41962E /* Pods */,
			);
			sourceTree = "<group>";
		};
		F3EF48C8206602CD002381D0 /* Products */ = {
			isa = PBXGroup;
			children = (
				F3EF48C7206602CD002381D0 /* bloommap.app */,
				F3EF48DB206602CD002381D0 /* bloommapTests.xctest */,
				F3EF48E6206602CE002381D0 /* bloommapUITests.xctest */,
			);
			name = Products;
			sourceTree = "<group>";
		};
		F3EF48C9206602CD002381D0 /* bloommap */ = {
			isa = PBXGroup;
			children = (
				F3EF48CA206602CD002381D0 /* AppDelegate.swift */,
				F3EF48CC206602CD002381D0 /* ViewController.swift */,
				F3EF48CE206602CD002381D0 /* Main.storyboard */,
				F3EF48D1206602CD002381D0 /* Assets.xcassets */,
				F3EF48D3206602CD002381D0 /* LaunchScreen.storyboard */,
				F3EF48D6206602CD002381D0 /* Info.plist */,
				F3EF48FB20660B1D002381D0 /* Spot.swift */,
				F3EF48FF20660DC2002381D0 /* BloomSpot.json */,
				F3EF4903206610C6002381D0 /* SpotViews.swift */,
				F3EF490520661697002381D0 /* PhotosViewController.swift */,
				456429D9206C950A00457B5B /* Config.swift */,
			);
			path = bloommap;
			sourceTree = "<group>";
		};
		F3EF48DE206602CD002381D0 /* bloommapTests */ = {
			isa = PBXGroup;
			children = (
				F3EF48DF206602CD002381D0 /* bloommapTests.swift */,
				F3EF48E1206602CE002381D0 /* Info.plist */,
			);
			path = bloommapTests;
			sourceTree = "<group>";
		};
		F3EF48E9206602CE002381D0 /* bloommapUITests */ = {
			isa = PBXGroup;
			children = (
				F3EF48EA206602CE002381D0 /* bloommapUITests.swift */,
				F3EF48EC206602CE002381D0 /* Info.plist */,
			);
			path = bloommapUITests;
			sourceTree = "<group>";
		};
		F3EF48F82066031E002381D0 /* Frameworks */ = {
			isa = PBXGroup;
			children = (
				F3EF48FD20660C69002381D0 /* Contacts.framework */,
				F3EF48F92066031E002381D0 /* MapKit.framework */,
				D75DC2C282794C42E53A8431 /* Pods_bloommap.framework */,
				6ADEDB354720814CA682BB49 /* Pods_bloommapTests.framework */,
				2A62A71B743C4AE3F6A84B7C /* Pods_bloommapUITests.framework */,
			);
			name = Frameworks;
			sourceTree = "<group>";
		};
/* End PBXGroup section */

/* Begin PBXNativeTarget section */
		F3EF48C6206602CD002381D0 /* bloommap */ = {
			isa = PBXNativeTarget;
			buildConfigurationList = F3EF48EF206602CE002381D0 /* Build configuration list for PBXNativeTarget "bloommap" */;
			buildPhases = (
				1ABC32B4537C5DE4015F3079 /* [CP] Check Pods Manifest.lock */,
				F3EF48C3206602CD002381D0 /* Sources */,
				F3EF48C4206602CD002381D0 /* Frameworks */,
				F3EF48C5206602CD002381D0 /* Resources */,
				7B3EB35FEA06948D696F032A /* [CP] Embed Pods Frameworks */,
				BDC3C4F503AB910D1CAC3713 /* [CP] Copy Pods Resources */,
			);
			buildRules = (
			);
			dependencies = (
			);
			name = bloommap;
			productName = bloommap;
			productReference = F3EF48C7206602CD002381D0 /* bloommap.app */;
			productType = "com.apple.product-type.application";
		};
		F3EF48DA206602CD002381D0 /* bloommapTests */ = {
			isa = PBXNativeTarget;
			buildConfigurationList = F3EF48F2206602CE002381D0 /* Build configuration list for PBXNativeTarget "bloommapTests" */;
			buildPhases = (
				099414CB5DC90434B665BA0A /* [CP] Check Pods Manifest.lock */,
				F3EF48D7206602CD002381D0 /* Sources */,
				F3EF48D8206602CD002381D0 /* Frameworks */,
				F3EF48D9206602CD002381D0 /* Resources */,
				1AE0A34353CD019BA44F042C /* [CP] Embed Pods Frameworks */,
				07DFA0565E659EB71DA9F280 /* [CP] Copy Pods Resources */,
			);
			buildRules = (
			);
			dependencies = (
				F3EF48DD206602CD002381D0 /* PBXTargetDependency */,
			);
			name = bloommapTests;
			productName = bloommapTests;
			productReference = F3EF48DB206602CD002381D0 /* bloommapTests.xctest */;
			productType = "com.apple.product-type.bundle.unit-test";
		};
		F3EF48E5206602CE002381D0 /* bloommapUITests */ = {
			isa = PBXNativeTarget;
			buildConfigurationList = F3EF48F5206602CE002381D0 /* Build configuration list for PBXNativeTarget "bloommapUITests" */;
			buildPhases = (
				7B04F5804F51718EFC04DE4E /* [CP] Check Pods Manifest.lock */,
				F3EF48E2206602CE002381D0 /* Sources */,
				F3EF48E3206602CE002381D0 /* Frameworks */,
				F3EF48E4206602CE002381D0 /* Resources */,
				0389034A3BD62614DFA94A88 /* [CP] Embed Pods Frameworks */,
				7F6484F2D2E289A20B189025 /* [CP] Copy Pods Resources */,
			);
			buildRules = (
			);
			dependencies = (
				F3EF48E8206602CE002381D0 /* PBXTargetDependency */,
			);
			name = bloommapUITests;
			productName = bloommapUITests;
			productReference = F3EF48E6206602CE002381D0 /* bloommapUITests.xctest */;
			productType = "com.apple.product-type.bundle.ui-testing";
		};
/* End PBXNativeTarget section */

/* Begin PBXProject section */
		F3EF48BF206602CD002381D0 /* Project object */ = {
			isa = PBXProject;
			attributes = {
				LastSwiftUpdateCheck = 0920;
				LastUpgradeCheck = 0920;
				ORGANIZATIONNAME = "Keisei Saito";
				TargetAttributes = {
					F3EF48C6206602CD002381D0 = {
						CreatedOnToolsVersion = 9.2;
						ProvisioningStyle = Automatic;
					};
					F3EF48DA206602CD002381D0 = {
						CreatedOnToolsVersion = 9.2;
						ProvisioningStyle = Automatic;
						TestTargetID = F3EF48C6206602CD002381D0;
					};
					F3EF48E5206602CE002381D0 = {
						CreatedOnToolsVersion = 9.2;
						ProvisioningStyle = Automatic;
						TestTargetID = F3EF48C6206602CD002381D0;
					};
				};
			};
			buildConfigurationList = F3EF48C2206602CD002381D0 /* Build configuration list for PBXProject "bloommap" */;
			compatibilityVersion = "Xcode 8.0";
			developmentRegion = en;
			hasScannedForEncodings = 0;
			knownRegions = (
				en,
				Base,
			);
			mainGroup = F3EF48BE206602CD002381D0;
			productRefGroup = F3EF48C8206602CD002381D0 /* Products */;
			projectDirPath = "";
			projectRoot = "";
			targets = (
				F3EF48C6206602CD002381D0 /* bloommap */,
				F3EF48DA206602CD002381D0 /* bloommapTests */,
				F3EF48E5206602CE002381D0 /* bloommapUITests */,
			);
		};
/* End PBXProject section */

/* Begin PBXResourcesBuildPhase section */
		F3EF48C5206602CD002381D0 /* Resources */ = {
			isa = PBXResourcesBuildPhase;
			buildActionMask = 2147483647;
			files = (
				F3EF490020660DC2002381D0 /* BloomSpot.json in Resources */,
				F3EF48D5206602CD002381D0 /* LaunchScreen.storyboard in Resources */,
				F3EF48D2206602CD002381D0 /* Assets.xcassets in Resources */,
				F3EF48D0206602CD002381D0 /* Main.storyboard in Resources */,
			);
			runOnlyForDeploymentPostprocessing = 0;
		};
		F3EF48D9206602CD002381D0 /* Resources */ = {
			isa = PBXResourcesBuildPhase;
			buildActionMask = 2147483647;
			files = (
			);
			runOnlyForDeploymentPostprocessing = 0;
		};
		F3EF48E4206602CE002381D0 /* Resources */ = {
			isa = PBXResourcesBuildPhase;
			buildActionMask = 2147483647;
			files = (
			);
			runOnlyForDeploymentPostprocessing = 0;
		};
/* End PBXResourcesBuildPhase section */

/* Begin PBXShellScriptBuildPhase section */
		0389034A3BD62614DFA94A88 /* [CP] Embed Pods Frameworks */ = {
			isa = PBXShellScriptBuildPhase;
			buildActionMask = 2147483647;
			files = (
			);
			inputPaths = (
			);
			name = "[CP] Embed Pods Frameworks";
			outputPaths = (
			);
			runOnlyForDeploymentPostprocessing = 0;
			shellPath = /bin/sh;
			shellScript = "\"${SRCROOT}/Pods/Target Support Files/Pods-bloommapUITests/Pods-bloommapUITests-frameworks.sh\"\n";
			showEnvVarsInLog = 0;
		};
		07DFA0565E659EB71DA9F280 /* [CP] Copy Pods Resources */ = {
			isa = PBXShellScriptBuildPhase;
			buildActionMask = 2147483647;
			files = (
			);
			inputPaths = (
			);
			name = "[CP] Copy Pods Resources";
			outputPaths = (
			);
			runOnlyForDeploymentPostprocessing = 0;
			shellPath = /bin/sh;
			shellScript = "\"${SRCROOT}/Pods/Target Support Files/Pods-bloommapTests/Pods-bloommapTests-resources.sh\"\n";
			showEnvVarsInLog = 0;
		};
		099414CB5DC90434B665BA0A /* [CP] Check Pods Manifest.lock */ = {
			isa = PBXShellScriptBuildPhase;
			buildActionMask = 2147483647;
			files = (
			);
			inputPaths = (
				"${PODS_PODFILE_DIR_PATH}/Podfile.lock",
				"${PODS_ROOT}/Manifest.lock",
			);
			name = "[CP] Check Pods Manifest.lock";
			outputPaths = (
				"$(DERIVED_FILE_DIR)/Pods-bloommapTests-checkManifestLockResult.txt",
			);
			runOnlyForDeploymentPostprocessing = 0;
			shellPath = /bin/sh;
			shellScript = "diff \"${PODS_PODFILE_DIR_PATH}/Podfile.lock\" \"${PODS_ROOT}/Manifest.lock\" > /dev/null\nif [ $? != 0 ] ; then\n    # print error to STDERR\n    echo \"error: The sandbox is not in sync with the Podfile.lock. Run 'pod install' or update your CocoaPods installation.\" >&2\n    exit 1\nfi\n# This output is used by Xcode 'outputs' to avoid re-running this script phase.\necho \"SUCCESS\" > \"${SCRIPT_OUTPUT_FILE_0}\"\n";
			showEnvVarsInLog = 0;
		};
		1ABC32B4537C5DE4015F3079 /* [CP] Check Pods Manifest.lock */ = {
			isa = PBXShellScriptBuildPhase;
			buildActionMask = 2147483647;
			files = (
			);
			inputPaths = (
				"${PODS_PODFILE_DIR_PATH}/Podfile.lock",
				"${PODS_ROOT}/Manifest.lock",
			);
			name = "[CP] Check Pods Manifest.lock";
			outputPaths = (
				"$(DERIVED_FILE_DIR)/Pods-bloommap-checkManifestLockResult.txt",
			);
			runOnlyForDeploymentPostprocessing = 0;
			shellPath = /bin/sh;
			shellScript = "diff \"${PODS_PODFILE_DIR_PATH}/Podfile.lock\" \"${PODS_ROOT}/Manifest.lock\" > /dev/null\nif [ $? != 0 ] ; then\n    # print error to STDERR\n    echo \"error: The sandbox is not in sync with the Podfile.lock. Run 'pod install' or update your CocoaPods installation.\" >&2\n    exit 1\nfi\n# This output is used by Xcode 'outputs' to avoid re-running this script phase.\necho \"SUCCESS\" > \"${SCRIPT_OUTPUT_FILE_0}\"\n";
			showEnvVarsInLog = 0;
		};
		1AE0A34353CD019BA44F042C /* [CP] Embed Pods Frameworks */ = {
			isa = PBXShellScriptBuildPhase;
			buildActionMask = 2147483647;
			files = (
			);
			inputPaths = (
			);
			name = "[CP] Embed Pods Frameworks";
			outputPaths = (
			);
			runOnlyForDeploymentPostprocessing = 0;
			shellPath = /bin/sh;
			shellScript = "\"${SRCROOT}/Pods/Target Support Files/Pods-bloommapTests/Pods-bloommapTests-frameworks.sh\"\n";
			showEnvVarsInLog = 0;
		};
		7B04F5804F51718EFC04DE4E /* [CP] Check Pods Manifest.lock */ = {
			isa = PBXShellScriptBuildPhase;
			buildActionMask = 2147483647;
			files = (
			);
			inputPaths = (
				"${PODS_PODFILE_DIR_PATH}/Podfile.lock",
				"${PODS_ROOT}/Manifest.lock",
			);
			name = "[CP] Check Pods Manifest.lock";
			outputPaths = (
				"$(DERIVED_FILE_DIR)/Pods-bloommapUITests-checkManifestLockResult.txt",
			);
			runOnlyForDeploymentPostprocessing = 0;
			shellPath = /bin/sh;
			shellScript = "diff \"${PODS_PODFILE_DIR_PATH}/Podfile.lock\" \"${PODS_ROOT}/Manifest.lock\" > /dev/null\nif [ $? != 0 ] ; then\n    # print error to STDERR\n    echo \"error: The sandbox is not in sync with the Podfile.lock. Run 'pod install' or update your CocoaPods installation.\" >&2\n    exit 1\nfi\n# This output is used by Xcode 'outputs' to avoid re-running this script phase.\necho \"SUCCESS\" > \"${SCRIPT_OUTPUT_FILE_0}\"\n";
			showEnvVarsInLog = 0;
		};
		7B3EB35FEA06948D696F032A /* [CP] Embed Pods Frameworks */ = {
			isa = PBXShellScriptBuildPhase;
			buildActionMask = 2147483647;
			files = (
			);
			inputPaths = (
				"${SRCROOT}/Pods/Target Support Files/Pods-bloommap/Pods-bloommap-frameworks.sh",
				"${PODS_ROOT}/TwitterCore/iOS/TwitterCore.framework",
				"${PODS_ROOT}/TwitterKit/iOS/TwitterKit.framework",
			);
			name = "[CP] Embed Pods Frameworks";
			outputPaths = (
				"${TARGET_BUILD_DIR}/${FRAMEWORKS_FOLDER_PATH}/TwitterCore.framework",
				"${TARGET_BUILD_DIR}/${FRAMEWORKS_FOLDER_PATH}/TwitterKit.framework",
			);
			runOnlyForDeploymentPostprocessing = 0;
			shellPath = /bin/sh;
			shellScript = "\"${SRCROOT}/Pods/Target Support Files/Pods-bloommap/Pods-bloommap-frameworks.sh\"\n";
			showEnvVarsInLog = 0;
		};
		7F6484F2D2E289A20B189025 /* [CP] Copy Pods Resources */ = {
			isa = PBXShellScriptBuildPhase;
			buildActionMask = 2147483647;
			files = (
			);
			inputPaths = (
			);
			name = "[CP] Copy Pods Resources";
			outputPaths = (
			);
			runOnlyForDeploymentPostprocessing = 0;
			shellPath = /bin/sh;
			shellScript = "\"${SRCROOT}/Pods/Target Support Files/Pods-bloommapUITests/Pods-bloommapUITests-resources.sh\"\n";
			showEnvVarsInLog = 0;
		};
		BDC3C4F503AB910D1CAC3713 /* [CP] Copy Pods Resources */ = {
			isa = PBXShellScriptBuildPhase;
			buildActionMask = 2147483647;
			files = (
			);
			inputPaths = (
				"${SRCROOT}/Pods/Target Support Files/Pods-bloommap/Pods-bloommap-resources.sh",
				"${PODS_ROOT}/TwitterKit/iOS/TwitterKit.framework/TwitterKitResources.bundle",
				"${PODS_ROOT}/TwitterKit/iOS/TwitterKit.framework/TwitterShareExtensionUIResources.bundle",
			);
			name = "[CP] Copy Pods Resources";
			outputPaths = (
				"${TARGET_BUILD_DIR}/${UNLOCALIZED_RESOURCES_FOLDER_PATH}",
			);
			runOnlyForDeploymentPostprocessing = 0;
			shellPath = /bin/sh;
			shellScript = "\"${SRCROOT}/Pods/Target Support Files/Pods-bloommap/Pods-bloommap-resources.sh\"\n";
			showEnvVarsInLog = 0;
		};
/* End PBXShellScriptBuildPhase section */

/* Begin PBXSourcesBuildPhase section */
		F3EF48C3206602CD002381D0 /* Sources */ = {
			isa = PBXSourcesBuildPhase;
			buildActionMask = 2147483647;
			files = (
				F3EF48CD206602CD002381D0 /* ViewController.swift in Sources */,
				F3EF48FC20660B1D002381D0 /* Spot.swift in Sources */,
				F3EF4904206610C6002381D0 /* SpotViews.swift in Sources */,
				F3EF48CB206602CD002381D0 /* AppDelegate.swift in Sources */,
				F3EF490620661697002381D0 /* PhotosViewController.swift in Sources */,
				456429DA206C950A00457B5B /* Config.swift in Sources */,
			);
			runOnlyForDeploymentPostprocessing = 0;
		};
		F3EF48D7206602CD002381D0 /* Sources */ = {
			isa = PBXSourcesBuildPhase;
			buildActionMask = 2147483647;
			files = (
				F3EF48E0206602CD002381D0 /* bloommapTests.swift in Sources */,
			);
			runOnlyForDeploymentPostprocessing = 0;
		};
		F3EF48E2206602CE002381D0 /* Sources */ = {
			isa = PBXSourcesBuildPhase;
			buildActionMask = 2147483647;
			files = (
				F3EF48EB206602CE002381D0 /* bloommapUITests.swift in Sources */,
			);
			runOnlyForDeploymentPostprocessing = 0;
		};
/* End PBXSourcesBuildPhase section */

/* Begin PBXTargetDependency section */
		F3EF48DD206602CD002381D0 /* PBXTargetDependency */ = {
			isa = PBXTargetDependency;
			target = F3EF48C6206602CD002381D0 /* bloommap */;
			targetProxy = F3EF48DC206602CD002381D0 /* PBXContainerItemProxy */;
		};
		F3EF48E8206602CE002381D0 /* PBXTargetDependency */ = {
			isa = PBXTargetDependency;
			target = F3EF48C6206602CD002381D0 /* bloommap */;
			targetProxy = F3EF48E7206602CE002381D0 /* PBXContainerItemProxy */;
		};
/* End PBXTargetDependency section */

/* Begin PBXVariantGroup section */
		F3EF48CE206602CD002381D0 /* Main.storyboard */ = {
			isa = PBXVariantGroup;
			children = (
				F3EF48CF206602CD002381D0 /* Base */,
			);
			name = Main.storyboard;
			sourceTree = "<group>";
		};
		F3EF48D3206602CD002381D0 /* LaunchScreen.storyboard */ = {
			isa = PBXVariantGroup;
			children = (
				F3EF48D4206602CD002381D0 /* Base */,
			);
			name = LaunchScreen.storyboard;
			sourceTree = "<group>";
		};
/* End PBXVariantGroup section */

/* Begin XCBuildConfiguration section */
		F3EF48ED206602CE002381D0 /* Debug */ = {
			isa = XCBuildConfiguration;
			buildSettings = {
				ALWAYS_SEARCH_USER_PATHS = NO;
				CLANG_ANALYZER_NONNULL = YES;
				CLANG_ANALYZER_NUMBER_OBJECT_CONVERSION = YES_AGGRESSIVE;
				CLANG_CXX_LANGUAGE_STANDARD = "gnu++14";
				CLANG_CXX_LIBRARY = "libc++";
				CLANG_ENABLE_MODULES = YES;
				CLANG_ENABLE_OBJC_ARC = YES;
				CLANG_WARN_BLOCK_CAPTURE_AUTORELEASING = YES;
				CLANG_WARN_BOOL_CONVERSION = YES;
				CLANG_WARN_COMMA = YES;
				CLANG_WARN_CONSTANT_CONVERSION = YES;
				CLANG_WARN_DIRECT_OBJC_ISA_USAGE = YES_ERROR;
				CLANG_WARN_DOCUMENTATION_COMMENTS = YES;
				CLANG_WARN_EMPTY_BODY = YES;
				CLANG_WARN_ENUM_CONVERSION = YES;
				CLANG_WARN_INFINITE_RECURSION = YES;
				CLANG_WARN_INT_CONVERSION = YES;
				CLANG_WARN_NON_LITERAL_NULL_CONVERSION = YES;
				CLANG_WARN_OBJC_LITERAL_CONVERSION = YES;
				CLANG_WARN_OBJC_ROOT_CLASS = YES_ERROR;
				CLANG_WARN_RANGE_LOOP_ANALYSIS = YES;
				CLANG_WARN_STRICT_PROTOTYPES = YES;
				CLANG_WARN_SUSPICIOUS_MOVE = YES;
				CLANG_WARN_UNGUARDED_AVAILABILITY = YES_AGGRESSIVE;
				CLANG_WARN_UNREACHABLE_CODE = YES;
				CLANG_WARN__DUPLICATE_METHOD_MATCH = YES;
				CODE_SIGN_IDENTITY = "iPhone Developer";
				COPY_PHASE_STRIP = NO;
				DEBUG_INFORMATION_FORMAT = dwarf;
				ENABLE_STRICT_OBJC_MSGSEND = YES;
				ENABLE_TESTABILITY = YES;
				GCC_C_LANGUAGE_STANDARD = gnu11;
				GCC_DYNAMIC_NO_PIC = NO;
				GCC_NO_COMMON_BLOCKS = YES;
				GCC_OPTIMIZATION_LEVEL = 0;
				GCC_PREPROCESSOR_DEFINITIONS = (
					"DEBUG=1",
					"$(inherited)",
				);
				GCC_WARN_64_TO_32_BIT_CONVERSION = YES;
				GCC_WARN_ABOUT_RETURN_TYPE = YES_ERROR;
				GCC_WARN_UNDECLARED_SELECTOR = YES;
				GCC_WARN_UNINITIALIZED_AUTOS = YES_AGGRESSIVE;
				GCC_WARN_UNUSED_FUNCTION = YES;
				GCC_WARN_UNUSED_VARIABLE = YES;
				IPHONEOS_DEPLOYMENT_TARGET = 11.2;
				MTL_ENABLE_DEBUG_INFO = YES;
				ONLY_ACTIVE_ARCH = YES;
				SDKROOT = iphoneos;
				SWIFT_ACTIVE_COMPILATION_CONDITIONS = DEBUG;
				SWIFT_OPTIMIZATION_LEVEL = "-Onone";
			};
			name = Debug;
		};
		F3EF48EE206602CE002381D0 /* Release */ = {
			isa = XCBuildConfiguration;
			buildSettings = {
				ALWAYS_SEARCH_USER_PATHS = NO;
				CLANG_ANALYZER_NONNULL = YES;
				CLANG_ANALYZER_NUMBER_OBJECT_CONVERSION = YES_AGGRESSIVE;
				CLANG_CXX_LANGUAGE_STANDARD = "gnu++14";
				CLANG_CXX_LIBRARY = "libc++";
				CLANG_ENABLE_MODULES = YES;
				CLANG_ENABLE_OBJC_ARC = YES;
				CLANG_WARN_BLOCK_CAPTURE_AUTORELEASING = YES;
				CLANG_WARN_BOOL_CONVERSION = YES;
				CLANG_WARN_COMMA = YES;
				CLANG_WARN_CONSTANT_CONVERSION = YES;
				CLANG_WARN_DIRECT_OBJC_ISA_USAGE = YES_ERROR;
				CLANG_WARN_DOCUMENTATION_COMMENTS = YES;
				CLANG_WARN_EMPTY_BODY = YES;
				CLANG_WARN_ENUM_CONVERSION = YES;
				CLANG_WARN_INFINITE_RECURSION = YES;
				CLANG_WARN_INT_CONVERSION = YES;
				CLANG_WARN_NON_LITERAL_NULL_CONVERSION = YES;
				CLANG_WARN_OBJC_LITERAL_CONVERSION = YES;
				CLANG_WARN_OBJC_ROOT_CLASS = YES_ERROR;
				CLANG_WARN_RANGE_LOOP_ANALYSIS = YES;
				CLANG_WARN_STRICT_PROTOTYPES = YES;
				CLANG_WARN_SUSPICIOUS_MOVE = YES;
				CLANG_WARN_UNGUARDED_AVAILABILITY = YES_AGGRESSIVE;
				CLANG_WARN_UNREACHABLE_CODE = YES;
				CLANG_WARN__DUPLICATE_METHOD_MATCH = YES;
				CODE_SIGN_IDENTITY = "iPhone Developer";
				COPY_PHASE_STRIP = NO;
				DEBUG_INFORMATION_FORMAT = "dwarf-with-dsym";
				ENABLE_NS_ASSERTIONS = NO;
				ENABLE_STRICT_OBJC_MSGSEND = YES;
				GCC_C_LANGUAGE_STANDARD = gnu11;
				GCC_NO_COMMON_BLOCKS = YES;
				GCC_WARN_64_TO_32_BIT_CONVERSION = YES;
				GCC_WARN_ABOUT_RETURN_TYPE = YES_ERROR;
				GCC_WARN_UNDECLARED_SELECTOR = YES;
				GCC_WARN_UNINITIALIZED_AUTOS = YES_AGGRESSIVE;
				GCC_WARN_UNUSED_FUNCTION = YES;
				GCC_WARN_UNUSED_VARIABLE = YES;
				IPHONEOS_DEPLOYMENT_TARGET = 11.2;
				MTL_ENABLE_DEBUG_INFO = NO;
				SDKROOT = iphoneos;
				SWIFT_OPTIMIZATION_LEVEL = "-Owholemodule";
				VALIDATE_PRODUCT = YES;
			};
			name = Release;
		};
		F3EF48F0206602CE002381D0 /* Debug */ = {
			isa = XCBuildConfiguration;
			baseConfigurationReference = 13E748FB3241F4A05CA7AC81 /* Pods-bloommap.debug.xcconfig */;
			buildSettings = {
				ASSETCATALOG_COMPILER_APPICON_NAME = AppIcon;
				CODE_SIGN_STYLE = Automatic;
				DEVELOPMENT_TEAM = ZLP777QDS4;
				INFOPLIST_FILE = bloommap/Info.plist;
				LD_RUNPATH_SEARCH_PATHS = "$(inherited) @executable_path/Frameworks";
				PRODUCT_BUNDLE_IDENTIFIER = com.miraitoarumachi.bloommap;
				PRODUCT_NAME = "$(TARGET_NAME)";
				SWIFT_VERSION = 4.0;
				TARGETED_DEVICE_FAMILY = "1,2";
			};
			name = Debug;
		};
		F3EF48F1206602CE002381D0 /* Release */ = {
			isa = XCBuildConfiguration;
			baseConfigurationReference = C5CA811E58B029CC04A206A3 /* Pods-bloommap.release.xcconfig */;
			buildSettings = {
				ASSETCATALOG_COMPILER_APPICON_NAME = AppIcon;
				CODE_SIGN_STYLE = Automatic;
				DEVELOPMENT_TEAM = ZLP777QDS4;
				INFOPLIST_FILE = bloommap/Info.plist;
				LD_RUNPATH_SEARCH_PATHS = "$(inherited) @executable_path/Frameworks";
				PRODUCT_BUNDLE_IDENTIFIER = com.miraitoarumachi.bloommap;
				PRODUCT_NAME = "$(TARGET_NAME)";
				SWIFT_VERSION = 4.0;
				TARGETED_DEVICE_FAMILY = "1,2";
			};
			name = Release;
		};
		F3EF48F3206602CE002381D0 /* Debug */ = {
			isa = XCBuildConfiguration;
			baseConfigurationReference = C38E1FE00CD3A194EA6DDA4D /* Pods-bloommapTests.debug.xcconfig */;
			buildSettings = {
				ALWAYS_EMBED_SWIFT_STANDARD_LIBRARIES = YES;
				BUNDLE_LOADER = "$(TEST_HOST)";
				CODE_SIGN_STYLE = Automatic;
				DEVELOPMENT_TEAM = ZLP777QDS4;
				INFOPLIST_FILE = bloommapTests/Info.plist;
				LD_RUNPATH_SEARCH_PATHS = "$(inherited) @executable_path/Frameworks @loader_path/Frameworks";
				PRODUCT_BUNDLE_IDENTIFIER = com.miraitoarumachi.bloommapTests;
				PRODUCT_NAME = "$(TARGET_NAME)";
				SWIFT_VERSION = 4.0;
				TARGETED_DEVICE_FAMILY = "1,2";
				TEST_HOST = "$(BUILT_PRODUCTS_DIR)/bloommap.app/bloommap";
			};
			name = Debug;
		};
		F3EF48F4206602CE002381D0 /* Release */ = {
			isa = XCBuildConfiguration;
			baseConfigurationReference = BE2321E64D5FFA24729521B9 /* Pods-bloommapTests.release.xcconfig */;
			buildSettings = {
				ALWAYS_EMBED_SWIFT_STANDARD_LIBRARIES = YES;
				BUNDLE_LOADER = "$(TEST_HOST)";
				CODE_SIGN_STYLE = Automatic;
				DEVELOPMENT_TEAM = ZLP777QDS4;
				INFOPLIST_FILE = bloommapTests/Info.plist;
				LD_RUNPATH_SEARCH_PATHS = "$(inherited) @executable_path/Frameworks @loader_path/Frameworks";
				PRODUCT_BUNDLE_IDENTIFIER = com.miraitoarumachi.bloommapTests;
				PRODUCT_NAME = "$(TARGET_NAME)";
				SWIFT_VERSION = 4.0;
				TARGETED_DEVICE_FAMILY = "1,2";
				TEST_HOST = "$(BUILT_PRODUCTS_DIR)/bloommap.app/bloommap";
			};
			name = Release;
		};
		F3EF48F6206602CE002381D0 /* Debug */ = {
			isa = XCBuildConfiguration;
			baseConfigurationReference = CC08E032A36F1745886F7351 /* Pods-bloommapUITests.debug.xcconfig */;
			buildSettings = {
				ALWAYS_EMBED_SWIFT_STANDARD_LIBRARIES = YES;
				CODE_SIGN_STYLE = Automatic;
				DEVELOPMENT_TEAM = ZLP777QDS4;
				INFOPLIST_FILE = bloommapUITests/Info.plist;
				LD_RUNPATH_SEARCH_PATHS = "$(inherited) @executable_path/Frameworks @loader_path/Frameworks";
				PRODUCT_BUNDLE_IDENTIFIER = com.miraitoarumachi.bloommapUITests;
				PRODUCT_NAME = "$(TARGET_NAME)";
				SWIFT_VERSION = 4.0;
				TARGETED_DEVICE_FAMILY = "1,2";
				TEST_TARGET_NAME = bloommap;
			};
			name = Debug;
		};
		F3EF48F7206602CE002381D0 /* Release */ = {
			isa = XCBuildConfiguration;
			baseConfigurationReference = 93886160F303D85169E04931 /* Pods-bloommapUITests.release.xcconfig */;
			buildSettings = {
				ALWAYS_EMBED_SWIFT_STANDARD_LIBRARIES = YES;
				CODE_SIGN_STYLE = Automatic;
				DEVELOPMENT_TEAM = ZLP777QDS4;
				INFOPLIST_FILE = bloommapUITests/Info.plist;
				LD_RUNPATH_SEARCH_PATHS = "$(inherited) @executable_path/Frameworks @loader_path/Frameworks";
				PRODUCT_BUNDLE_IDENTIFIER = com.miraitoarumachi.bloommapUITests;
				PRODUCT_NAME = "$(TARGET_NAME)";
				SWIFT_VERSION = 4.0;
				TARGETED_DEVICE_FAMILY = "1,2";
				TEST_TARGET_NAME = bloommap;
			};
			name = Release;
		};
/* End XCBuildConfiguration section */

/* Begin XCConfigurationList section */
		F3EF48C2206602CD002381D0 /* Build configuration list for PBXProject "bloommap" */ = {
			isa = XCConfigurationList;
			buildConfigurations = (
				F3EF48ED206602CE002381D0 /* Debug */,
				F3EF48EE206602CE002381D0 /* Release */,
			);
			defaultConfigurationIsVisible = 0;
			defaultConfigurationName = Release;
		};
		F3EF48EF206602CE002381D0 /* Build configuration list for PBXNativeTarget "bloommap" */ = {
			isa = XCConfigurationList;
			buildConfigurations = (
				F3EF48F0206602CE002381D0 /* Debug */,
				F3EF48F1206602CE002381D0 /* Release */,
			);
			defaultConfigurationIsVisible = 0;
			defaultConfigurationName = Release;
		};
		F3EF48F2206602CE002381D0 /* Build configuration list for PBXNativeTarget "bloommapTests" */ = {
			isa = XCConfigurationList;
			buildConfigurations = (
				F3EF48F3206602CE002381D0 /* Debug */,
				F3EF48F4206602CE002381D0 /* Release */,
			);
			defaultConfigurationIsVisible = 0;
			defaultConfigurationName = Release;
		};
		F3EF48F5206602CE002381D0 /* Build configuration list for PBXNativeTarget "bloommapUITests" */ = {
			isa = XCConfigurationList;
			buildConfigurations = (
				F3EF48F6206602CE002381D0 /* Debug */,
				F3EF48F7206602CE002381D0 /* Release */,
			);
			defaultConfigurationIsVisible = 0;
			defaultConfigurationName = Release;
		};
/* End XCConfigurationList section */
	};
	rootObject = F3EF48BF206602CD002381D0 /* Project object */;
}
